
Microsoft Visual Studio Solution File, Format Version 12.00
# Visual Studio Version 17
VisualStudioVersion = 17.1.32210.238
MinimumVisualStudioVersion = 10.0.40219.1
Project("{FAE04EC0-301F-11D3-BF4B-00C04F79EFBC}") = "EmployeeWageProblem", "EmployeeWageProblem\EmployeeWageProblem.csproj", "{24D28403-C822-4AF1-B285-C41E9C06EE8E}"
EndProject
Global
	GlobalSection(SolutionConfigurationPlatforms) = preSolution
		Debug|Any CPU = Debug|Any CPU
		Release|Any CPU = Release|Any CPU
	EndGlobalSection
	GlobalSection(ProjectConfigurationPlatforms) = postSolution
		{24D28403-C822-4AF1-B285-C41E9C06EE8E}.Debug|Any CPU.ActiveCfg = Debug|Any CPU
		{24D28403-C822-4AF1-B285-C41E9C06EE8E}.Debug|Any CPU.Build.0 = Debug|Any CPU
		{24D28403-C822-4AF1-B285-C41E9C06EE8E}.Release|Any CPU.ActiveCfg = Release|Any CPU
		{24D28403-C822-4AF1-B285-C41E9C06EE8E}.Release|Any CPU.Build.0 = Release|Any CPU
	EndGlobalSection
	GlobalSection(SolutionProperties) = preSolution
		HideSolutionNode = FALSE
	EndGlobalSection
	GlobalSection(ExtensibilityGlobals) = postSolution
		SolutionGuid = {88B3459A-8D41-49B9-8983-446452A3067A}
	EndGlobalSection
EndGlobal
